# This file is automatically @generated by Cargo.
# It is not intended for manual editing.
version = 4

[[package]]
name = "choosh-android-bridge"
version = "0.0.0"

[[package]]
name = "choosh-core"
version = "0.0.0"

[[package]]
name = "choosh-host"
version = "0.0.0"
dependencies = [
 "choosh-protocol",
]

[[package]]
name = "choosh-protocol"
version = "0.0.0"

[[package]]
name = "choosh-testkit"
version = "0.0.0"
dependencies = [
 "choosh-core",
]

[[package]]
name = "choosh-web"
version = "0.0.0"

[[package]]
name = "chooshd"
version = "0.0.0"
dependencies = [
 "choosh-core",
 "choosh-protocol",
]
